
Microsoft Visual Studio Solution File, Format Version 12.00
# Visual Studio 15
VisualStudioVersion = 15.0.27428.2015
MinimumVisualStudioVersion = 10.0.40219.1
Project("{9A19103F-16F7-4668-BE54-9A1E7A4F7556}") = "Books.WebApi", "src\Books.WebApi\Books.WebApi.csproj", "{3B7F74E9-EC98-4EE8-BCF9-71B6789E7D6C}"
EndProject
Project("{9A19103F-16F7-4668-BE54-9A1E7A4F7556}") = "Books.CrossCutting", "src\Books.CrossCutting\Books.CrossCutting.csproj", "{C40EE93B-9CAB-4F92-B4AF-D4BEC81C26F4}"
EndProject
Project("{9A19103F-16F7-4668-BE54-9A1E7A4F7556}") = "Books.Repository", "src\Books.Repository\Books.Repository.csproj", "{52BB2870-49A1-4256-BA86-3505AD2B0430}"
EndProject
Project("{9A19103F-16F7-4668-BE54-9A1E7A4F7556}") = "Books.Service", "src\Books.Service\Books.Service.csproj", "{E81425B4-3FA1-4E7E-9FBB-0258157DE1C3}"
EndProject
Project("{9A19103F-16F7-4668-BE54-9A1E7A4F7556}") = "Books.Data", "src\Books.Data\Books.Data.csproj", "{A2FA440C-F439-416D-81F3-A040869E97B9}"
EndProject
Project("{FAE04EC0-301F-11D3-BF4B-00C04F79EFBC}") = "Books.WPF", "src\Books.WPF\Books.WPF.csproj", "{6AB1D67B-E142-4629-AE4F-B250A0640D06}"
EndProject
Project("{9A19103F-16F7-4668-BE54-9A1E7A4F7556}") = "Books.Model", "src\Books.Model\Books.Model.csproj", "{C59728BE-BBCE-49BB-85B7-FC3B42460B52}"
EndProject
Project("{2150E333-8FDC-42A3-9474-1A3956D46DE8}") = "src", "src", "{6CD69C7C-F114-4384-8769-E534A2BD5E02}"
EndProject
Project("{2150E333-8FDC-42A3-9474-1A3956D46DE8}") = "test", "test", "{110F106F-22D9-450E-81FF-BC0C55244696}"
EndProject
Global
	GlobalSection(SolutionConfigurationPlatforms) = preSolution
		Debug|Any CPU = Debug|Any CPU
		Release|Any CPU = Release|Any CPU
	EndGlobalSection
	GlobalSection(ProjectConfigurationPlatforms) = postSolution
		{3B7F74E9-EC98-4EE8-BCF9-71B6789E7D6C}.Debug|Any CPU.ActiveCfg = Debug|Any CPU
		{3B7F74E9-EC98-4EE8-BCF9-71B6789E7D6C}.Debug|Any CPU.Build.0 = Debug|Any CPU
		{3B7F74E9-EC98-4EE8-BCF9-71B6789E7D6C}.Release|Any CPU.ActiveCfg = Release|Any CPU
		{3B7F74E9-EC98-4EE8-BCF9-71B6789E7D6C}.Release|Any CPU.Build.0 = Release|Any CPU
		{C40EE93B-9CAB-4F92-B4AF-D4BEC81C26F4}.Debug|Any CPU.ActiveCfg = Debug|Any CPU
		{C40EE93B-9CAB-4F92-B4AF-D4BEC81C26F4}.Debug|Any CPU.Build.0 = Debug|Any CPU
		{C40EE93B-9CAB-4F92-B4AF-D4BEC81C26F4}.Release|Any CPU.ActiveCfg = Release|Any CPU
		{C40EE93B-9CAB-4F92-B4AF-D4BEC81C26F4}.Release|Any CPU.Build.0 = Release|Any CPU
		{52BB2870-49A1-4256-BA86-3505AD2B0430}.Debug|Any CPU.ActiveCfg = Debug|Any CPU
		{52BB2870-49A1-4256-BA86-3505AD2B0430}.Debug|Any CPU.Build.0 = Debug|Any CPU
		{52BB2870-49A1-4256-BA86-3505AD2B0430}.Release|Any CPU.ActiveCfg = Release|Any CPU
		{52BB2870-49A1-4256-BA86-3505AD2B0430}.Release|Any CPU.Build.0 = Release|Any CPU
		{E81425B4-3FA1-4E7E-9FBB-0258157DE1C3}.Debug|Any CPU.ActiveCfg = Debug|Any CPU
		{E81425B4-3FA1-4E7E-9FBB-0258157DE1C3}.Debug|Any CPU.Build.0 = Debug|Any CPU
		{E81425B4-3FA1-4E7E-9FBB-0258157DE1C3}.Release|Any CPU.ActiveCfg = Release|Any CPU
		{E81425B4-3FA1-4E7E-9FBB-0258157DE1C3}.Release|Any CPU.Build.0 = Release|Any CPU
		{A2FA440C-F439-416D-81F3-A040869E97B9}.Debug|Any CPU.ActiveCfg = Debug|Any CPU
		{A2FA440C-F439-416D-81F3-A040869E97B9}.Debug|Any CPU.Build.0 = Debug|Any CPU
		{A2FA440C-F439-416D-81F3-A040869E97B9}.Release|Any CPU.ActiveCfg = Release|Any CPU
		{A2FA440C-F439-416D-81F3-A040869E97B9}.Release|Any CPU.Build.0 = Release|Any CPU
		{6AB1D67B-E142-4629-AE4F-B250A0640D06}.Debug|Any CPU.ActiveCfg = Debug|Any CPU
		{6AB1D67B-E142-4629-AE4F-B250A0640D06}.Debug|Any CPU.Build.0 = Debug|Any CPU
		{6AB1D67B-E142-4629-AE4F-B250A0640D06}.Release|Any CPU.ActiveCfg = Release|Any CPU
		{6AB1D67B-E142-4629-AE4F-B250A0640D06}.Release|Any CPU.Build.0 = Release|Any CPU
		{C59728BE-BBCE-49BB-85B7-FC3B42460B52}.Debug|Any CPU.ActiveCfg = Debug|Any CPU
		{C59728BE-BBCE-49BB-85B7-FC3B42460B52}.Debug|Any CPU.Build.0 = Debug|Any CPU
		{C59728BE-BBCE-49BB-85B7-FC3B42460B52}.Release|Any CPU.ActiveCfg = Release|Any CPU
		{C59728BE-BBCE-49BB-85B7-FC3B42460B52}.Release|Any CPU.Build.0 = Release|Any CPU
	EndGlobalSection
	GlobalSection(SolutionProperties) = preSolution
		HideSolutionNode = FALSE
	EndGlobalSection
	GlobalSection(NestedProjects) = preSolution
		{3B7F74E9-EC98-4EE8-BCF9-71B6789E7D6C} = {6CD69C7C-F114-4384-8769-E534A2BD5E02}
		{C40EE93B-9CAB-4F92-B4AF-D4BEC81C26F4} = {6CD69C7C-F114-4384-8769-E534A2BD5E02}
		{52BB2870-49A1-4256-BA86-3505AD2B0430} = {6CD69C7C-F114-4384-8769-E534A2BD5E02}
		{E81425B4-3FA1-4E7E-9FBB-0258157DE1C3} = {6CD69C7C-F114-4384-8769-E534A2BD5E02}
		{A2FA440C-F439-416D-81F3-A040869E97B9} = {6CD69C7C-F114-4384-8769-E534A2BD5E02}
		{6AB1D67B-E142-4629-AE4F-B250A0640D06} = {6CD69C7C-F114-4384-8769-E534A2BD5E02}
		{C59728BE-BBCE-49BB-85B7-FC3B42460B52} = {6CD69C7C-F114-4384-8769-E534A2BD5E02}
	EndGlobalSection
	GlobalSection(ExtensibilityGlobals) = postSolution
		SolutionGuid = {F21BB4B7-DF93-470A-8BFC-8328319F73CB}
	EndGlobalSection
EndGlobal
